
Microsoft Visual Studio Solution File, Format Version 12.00
# Visual Studio Version 17
VisualStudioVersion = 17.6.33829.357
MinimumVisualStudioVersion = 10.0.40219.1
Project("{FAE04EC0-301F-11D3-BF4B-00C04F79EFBC}") = "EvaluacionAPI", "EvaluacionAPI\EvaluacionAPI.csproj", "{94D8A5AE-AE57-4D0D-8494-E08E1EF9B3E7}"
EndProject
Global
	GlobalSection(SolutionConfigurationPlatforms) = preSolution
		Debug|Any CPU = Debug|Any CPU
		Release|Any CPU = Release|Any CPU
	EndGlobalSection
	GlobalSection(ProjectConfigurationPlatforms) = postSolution
		{94D8A5AE-AE57-4D0D-8494-E08E1EF9B3E7}.Debug|Any CPU.ActiveCfg = Debug|Any CPU
		{94D8A5AE-AE57-4D0D-8494-E08E1EF9B3E7}.Debug|Any CPU.Build.0 = Debug|Any CPU
		{94D8A5AE-AE57-4D0D-8494-E08E1EF9B3E7}.Release|Any CPU.ActiveCfg = Release|Any CPU
		{94D8A5AE-AE57-4D0D-8494-E08E1EF9B3E7}.Release|Any CPU.Build.0 = Release|Any CPU
	EndGlobalSection
	GlobalSection(SolutionProperties) = preSolution
		HideSolutionNode = FALSE
	EndGlobalSection
	GlobalSection(ExtensibilityGlobals) = postSolution
		SolutionGuid = {4DA162E4-F98F-49B8-8E2D-A08EDAA9484B}
	EndGlobalSection
EndGlobal
