
Microsoft Visual Studio Solution File, Format Version 12.00
# Visual Studio Version 17
VisualStudioVersion = 17.6.33829.357
MinimumVisualStudioVersion = 10.0.40219.1
Project("{9A19103F-16F7-4668-BE54-9A1E7A4F7556}") = "EjemploHerencia", "EjemploHerencia\EjemploHerencia.csproj", "{53CE8356-86AD-4AFB-AB6D-4846A38C1AD7}"
EndProject
Project("{FAE04EC0-301F-11D3-BF4B-00C04F79EFBC}") = "Modelo", "Modelo\Modelo.csproj", "{14FEFD4E-F584-4D12-9D10-7D66089C04EF}"
EndProject
Global
	GlobalSection(SolutionConfigurationPlatforms) = preSolution
		Debug|Any CPU = Debug|Any CPU
		Release|Any CPU = Release|Any CPU
	EndGlobalSection
	GlobalSection(ProjectConfigurationPlatforms) = postSolution
		{53CE8356-86AD-4AFB-AB6D-4846A38C1AD7}.Debug|Any CPU.ActiveCfg = Debug|Any CPU
		{53CE8356-86AD-4AFB-AB6D-4846A38C1AD7}.Debug|Any CPU.Build.0 = Debug|Any CPU
		{53CE8356-86AD-4AFB-AB6D-4846A38C1AD7}.Release|Any CPU.ActiveCfg = Release|Any CPU
		{53CE8356-86AD-4AFB-AB6D-4846A38C1AD7}.Release|Any CPU.Build.0 = Release|Any CPU
		{14FEFD4E-F584-4D12-9D10-7D66089C04EF}.Debug|Any CPU.ActiveCfg = Debug|Any CPU
		{14FEFD4E-F584-4D12-9D10-7D66089C04EF}.Debug|Any CPU.Build.0 = Debug|Any CPU
		{14FEFD4E-F584-4D12-9D10-7D66089C04EF}.Release|Any CPU.ActiveCfg = Release|Any CPU
		{14FEFD4E-F584-4D12-9D10-7D66089C04EF}.Release|Any CPU.Build.0 = Release|Any CPU
	EndGlobalSection
	GlobalSection(SolutionProperties) = preSolution
		HideSolutionNode = FALSE
	EndGlobalSection
	GlobalSection(ExtensibilityGlobals) = postSolution
		SolutionGuid = {A42B6CE8-922F-4D08-B0F2-AD332DD9E6E5}
	EndGlobalSection
EndGlobal
