
Microsoft Visual Studio Solution File, Format Version 12.00
# Visual Studio Version 17
VisualStudioVersion = 17.6.33829.357
MinimumVisualStudioVersion = 10.0.40219.1
Project("{9A19103F-16F7-4668-BE54-9A1E7A4F7556}") = "PracticaCRUD", "PracticaCRUD\PracticaCRUD.csproj", "{BB87A7CE-2851-4BFF-9888-5EAF3CD9E4B0}"
EndProject
Project("{9A19103F-16F7-4668-BE54-9A1E7A4F7556}") = "Contexto", "Context\Contexto.csproj", "{A33D11F8-05CF-4C80-98E9-93E00F6CC4F3}"
EndProject
Project("{FAE04EC0-301F-11D3-BF4B-00C04F79EFBC}") = "Entities", "Entities\Entities.csproj", "{3A3113C7-FD2A-490C-9BBE-CDABA28E3C0D}"
EndProject
Global
	GlobalSection(SolutionConfigurationPlatforms) = preSolution
		Debug|Any CPU = Debug|Any CPU
		Release|Any CPU = Release|Any CPU
	EndGlobalSection
	GlobalSection(ProjectConfigurationPlatforms) = postSolution
		{BB87A7CE-2851-4BFF-9888-5EAF3CD9E4B0}.Debug|Any CPU.ActiveCfg = Debug|Any CPU
		{BB87A7CE-2851-4BFF-9888-5EAF3CD9E4B0}.Debug|Any CPU.Build.0 = Debug|Any CPU
		{BB87A7CE-2851-4BFF-9888-5EAF3CD9E4B0}.Release|Any CPU.ActiveCfg = Release|Any CPU
		{BB87A7CE-2851-4BFF-9888-5EAF3CD9E4B0}.Release|Any CPU.Build.0 = Release|Any CPU
		{A33D11F8-05CF-4C80-98E9-93E00F6CC4F3}.Debug|Any CPU.ActiveCfg = Debug|Any CPU
		{A33D11F8-05CF-4C80-98E9-93E00F6CC4F3}.Debug|Any CPU.Build.0 = Debug|Any CPU
		{A33D11F8-05CF-4C80-98E9-93E00F6CC4F3}.Release|Any CPU.ActiveCfg = Release|Any CPU
		{A33D11F8-05CF-4C80-98E9-93E00F6CC4F3}.Release|Any CPU.Build.0 = Release|Any CPU
		{3A3113C7-FD2A-490C-9BBE-CDABA28E3C0D}.Debug|Any CPU.ActiveCfg = Debug|Any CPU
		{3A3113C7-FD2A-490C-9BBE-CDABA28E3C0D}.Debug|Any CPU.Build.0 = Debug|Any CPU
		{3A3113C7-FD2A-490C-9BBE-CDABA28E3C0D}.Release|Any CPU.ActiveCfg = Release|Any CPU
		{3A3113C7-FD2A-490C-9BBE-CDABA28E3C0D}.Release|Any CPU.Build.0 = Release|Any CPU
	EndGlobalSection
	GlobalSection(SolutionProperties) = preSolution
		HideSolutionNode = FALSE
	EndGlobalSection
	GlobalSection(ExtensibilityGlobals) = postSolution
		SolutionGuid = {A6C6D6B8-4A85-4C35-B31E-7F337C5776DF}
	EndGlobalSection
EndGlobal
