
Microsoft Visual Studio Solution File, Format Version 12.00
# Visual Studio Version 17
VisualStudioVersion = 17.6.33829.357
MinimumVisualStudioVersion = 10.0.40219.1
Project("{FAE04EC0-301F-11D3-BF4B-00C04F79EFBC}") = "ImpuestoCirculacion", "ImpuestoCirculacion\ImpuestoCirculacion.csproj", "{5075A1A4-83C3-429A-97C4-99330A8D8232}"
EndProject
Project("{FAE04EC0-301F-11D3-BF4B-00C04F79EFBC}") = "Entidades", "Entidades\Entidades.csproj", "{54DF1274-38F2-4117-8C07-66AA98C833C0}"
EndProject
Global
	GlobalSection(SolutionConfigurationPlatforms) = preSolution
		Debug|Any CPU = Debug|Any CPU
		Release|Any CPU = Release|Any CPU
	EndGlobalSection
	GlobalSection(ProjectConfigurationPlatforms) = postSolution
		{5075A1A4-83C3-429A-97C4-99330A8D8232}.Debug|Any CPU.ActiveCfg = Debug|Any CPU
		{5075A1A4-83C3-429A-97C4-99330A8D8232}.Debug|Any CPU.Build.0 = Debug|Any CPU
		{5075A1A4-83C3-429A-97C4-99330A8D8232}.Release|Any CPU.ActiveCfg = Release|Any CPU
		{5075A1A4-83C3-429A-97C4-99330A8D8232}.Release|Any CPU.Build.0 = Release|Any CPU
		{54DF1274-38F2-4117-8C07-66AA98C833C0}.Debug|Any CPU.ActiveCfg = Debug|Any CPU
		{54DF1274-38F2-4117-8C07-66AA98C833C0}.Debug|Any CPU.Build.0 = Debug|Any CPU
		{54DF1274-38F2-4117-8C07-66AA98C833C0}.Release|Any CPU.ActiveCfg = Release|Any CPU
		{54DF1274-38F2-4117-8C07-66AA98C833C0}.Release|Any CPU.Build.0 = Release|Any CPU
	EndGlobalSection
	GlobalSection(SolutionProperties) = preSolution
		HideSolutionNode = FALSE
	EndGlobalSection
	GlobalSection(ExtensibilityGlobals) = postSolution
		SolutionGuid = {14C02E37-603F-403B-99E1-E423542F9306}
	EndGlobalSection
EndGlobal
